// !$*UTF8*$!
{
	archiveVersion = 1;
	classes = {
	};
	objectVersion = 56;
	objects = {

/* Begin PBXBuildFile section */
		94B1922F2E5104290045BB69 /* NotesMagicApp.swift in Sources */ = {isa = PBXBuildFile; fileRef = 94B1922E2E5104290045BB69 /* NotesMagicApp.swift */; };
		94B192352E51042A0045BB69 /* Assets.xcassets in Resources */ = {isa = PBXBuildFile; fileRef = 94B192342E51042A0045BB69 /* Assets.xcassets */; };
		94B192382E51042A0045BB69 /* Preview Assets.xcassets in Resources */ = {isa = PBXBuildFile; fileRef = 94B192372E51042A0045BB69 /* Preview Assets.xcassets */; };
		94B192422E51042B0045BB69 /* NotesMagicTests.swift in Sources */ = {isa = PBXBuildFile; fileRef = 94B192412E51042B0045BB69 /* NotesMagicTests.swift */; };
		94B1924C2E51042B0045BB69 /* NotesMagicUITests.swift in Sources */ = {isa = PBXBuildFile; fileRef = 94B1924B2E51042B0045BB69 /* NotesMagicUITests.swift */; };
		94B1924E2E51042B0045BB69 /* NotesMagicUITestsLaunchTests.swift in Sources */ = {isa = PBXBuildFile; fileRef = 94B1924D2E51042B0045BB69 /* NotesMagicUITestsLaunchTests.swift */; };
/* End PBXBuildFile section */

/* Begin PBXContainerItemProxy section */
		94B1923E2E51042B0045BB69 /* PBXContainerItemProxy */ = {
			isa = PBXContainerItemProxy;
			containerPortal = 94B192232E5104290045BB69 /* Project object */;
			proxyType = 1;
			remoteGlobalIDString = 94B1922A2E5104290045BB69;
			remoteInfo = NotesMagic;
		};
		94B192482E51042B0045BB69 /* PBXContainerItemProxy */ = {
			isa = PBXContainerItemProxy;
			containerPortal = 94B192232E5104290045BB69 /* Project object */;
			proxyType = 1;
			remoteGlobalIDString = 94B1922A2E5104290045BB69;
			remoteInfo = NotesMagic;
		};
/* End PBXContainerItemProxy section */

/* Begin PBXFileReference section */
		94B1922B2E5104290045BB69 /* NotesMagic.app */ = {isa = PBXFileReference; explicitFileType = wrapper.application; includeInIndex = 0; path = NotesMagic.app; sourceTree = BUILT_PRODUCTS_DIR; };
		94B1922E2E5104290045BB69 /* NotesMagicApp.swift */ = {isa = PBXFileReference; lastKnownFileType = sourcecode.swift; path = NotesMagicApp.swift; sourceTree = "<group>"; };
		94B192342E51042A0045BB69 /* Assets.xcassets */ = {isa = PBXFileReference; lastKnownFileType = folder.assetcatalog; path = Assets.xcassets; sourceTree = "<group>"; };
		94B192372E51042A0045BB69 /* Preview Assets.xcassets */ = {isa = PBXFileReference; lastKnownFileType = folder.assetcatalog; path = "Preview Assets.xcassets"; sourceTree = "<group>"; };
		94B1923D2E51042B0045BB69 /* NotesMagicTests.xctest */ = {isa = PBXFileReference; explicitFileType = wrapper.cfbundle; includeInIndex = 0; path = NotesMagicTests.xctest; sourceTree = BUILT_PRODUCTS_DIR; };
		94B192412E51042B0045BB69 /* NotesMagicTests.swift */ = {isa = PBXFileReference; lastKnownFileType = sourcecode.swift; path = NotesMagicTests.swift; sourceTree = "<group>"; };
		94B192472E51042B0045BB69 /* NotesMagicUITests.xctest */ = {isa = PBXFileReference; explicitFileType = wrapper.cfbundle; includeInIndex = 0; path = NotesMagicUITests.xctest; sourceTree = BUILT_PRODUCTS_DIR; };
		94B1924B2E51042B0045BB69 /* NotesMagicUITests.swift */ = {isa = PBXFileReference; lastKnownFileType = sourcecode.swift; path = NotesMagicUITests.swift; sourceTree = "<group>"; };
		94B1924D2E51042B0045BB69 /* NotesMagicUITestsLaunchTests.swift */ = {isa = PBXFileReference; lastKnownFileType = sourcecode.swift; path = NotesMagicUITestsLaunchTests.swift; sourceTree = "<group>"; };
/* End PBXFileReference section */

/* Begin PBXFrameworksBuildPhase section */
		94B192282E5104290045BB69 /* Frameworks */ = {
			isa = PBXFrameworksBuildPhase;
			buildActionMask = 2147483647;
			files = (
			);
			runOnlyForDeploymentPostprocessing = 0;
		};
		94B1923A2E51042B0045BB69 /* Frameworks */ = {
			isa = PBXFrameworksBuildPhase;
			buildActionMask = 2147483647;
			files = (
			);
			runOnlyForDeploymentPostprocessing = 0;
		};
		94B192442E51042B0045BB69 /* Frameworks */ = {
			isa = PBXFrameworksBuildPhase;
			buildActionMask = 2147483647;
			files = (
			);
			runOnlyForDeploymentPostprocessing = 0;
		};
/* End PBXFrameworksBuildPhase section */

/* Begin PBXGroup section */
		94B192222E5104290045BB69 = {
			isa = PBXGroup;
			children = (
				94B1922D2E5104290045BB69 /* NotesMagic */,
				94B192402E51042B0045BB69 /* NotesMagicTests */,
				94B1924A2E51042B0045BB69 /* NotesMagicUITests */,
				94B1922C2E5104290045BB69 /* Products */,
			);
			sourceTree = "<group>";
		};
		94B1922C2E5104290045BB69 /* Products */ = {
			isa = PBXGroup;
			children = (
				94B1922B2E5104290045BB69 /* NotesMagic.app */,
				94B1923D2E51042B0045BB69 /* NotesMagicTests.xctest */,
				94B192472E51042B0045BB69 /* NotesMagicUITests.xctest */,
			);
			name = Products;
			sourceTree = "<group>";
		};
		94B1922D2E5104290045BB69 /* NotesMagic */ = {
			isa = PBXGroup;
			children = (
				94B1922E2E5104290045BB69 /* NotesMagicApp.swift */,
				94B192342E51042A0045BB69 /* Assets.xcassets */,
				94B192362E51042A0045BB69 /* Preview Content */,
			);
			path = NotesMagic;
			sourceTree = "<group>";
		};
		94B192362E51042A0045BB69 /* Preview Content */ = {
			isa = PBXGroup;
			children = (
				94B192372E51042A0045BB69 /* Preview Assets.xcassets */,
			);
			path = "Preview Content";
			sourceTree = "<group>";
		};
		94B192402E51042B0045BB69 /* NotesMagicTests */ = {
			isa = PBXGroup;
			children = (
				94B192412E51042B0045BB69 /* NotesMagicTests.swift */,
			);
			path = NotesMagicTests;
			sourceTree = "<group>";
		};
		94B1924A2E51042B0045BB69 /* NotesMagicUITests */ = {
			isa = PBXGroup;
			children = (
				94B1924B2E51042B0045BB69 /* NotesMagicUITests.swift */,
				94B1924D2E51042B0045BB69 /* NotesMagicUITestsLaunchTests.swift */,
			);
			path = NotesMagicUITests;
			sourceTree = "<group>";
		};
/* End PBXGroup section */

/* Begin PBXNativeTarget section */
		94B1922A2E5104290045BB69 /* NotesMagic */ = {
			isa = PBXNativeTarget;
			buildConfigurationList = 94B192512E51042B0045BB69 /* Build configuration list for PBXNativeTarget "NotesMagic" */;
			buildPhases = (
				94B192272E5104290045BB69 /* Sources */,
				94B192282E5104290045BB69 /* Frameworks */,
				94B192292E5104290045BB69 /* Resources */,
			);
			buildRules = (
			);
			dependencies = (
			);
			name = NotesMagic;
			productName = NotesMagic;
			productReference = 94B1922B2E5104290045BB69 /* NotesMagic.app */;
			productType = "com.apple.product-type.application";
		};
		94B1923C2E51042B0045BB69 /* NotesMagicTests */ = {
			isa = PBXNativeTarget;
			buildConfigurationList = 94B192542E51042B0045BB69 /* Build configuration list for PBXNativeTarget "NotesMagicTests" */;
			buildPhases = (
				94B192392E51042B0045BB69 /* Sources */,
				94B1923A2E51042B0045BB69 /* Frameworks */,
				94B1923B2E51042B0045BB69 /* Resources */,
			);
			buildRules = (
			);
			dependencies = (
				94B1923F2E51042B0045BB69 /* PBXTargetDependency */,
			);
			name = NotesMagicTests;
			productName = NotesMagicTests;
			productReference = 94B1923D2E51042B0045BB69 /* NotesMagicTests.xctest */;
			productType = "com.apple.product-type.bundle.unit-test";
		};
		94B192462E51042B0045BB69 /* NotesMagicUITests */ = {
			isa = PBXNativeTarget;
			buildConfigurationList = 94B192572E51042B0045BB69 /* Build configuration list for PBXNativeTarget "NotesMagicUITests" */;
			buildPhases = (
				94B192432E51042B0045BB69 /* Sources */,
				94B192442E51042B0045BB69 /* Frameworks */,
				94B192452E51042B0045BB69 /* Resources */,
			);
			buildRules = (
			);
			dependencies = (
				94B192492E51042B0045BB69 /* PBXTargetDependency */,
			);
			name = NotesMagicUITests;
			productName = NotesMagicUITests;
			productReference = 94B192472E51042B0045BB69 /* NotesMagicUITests.xctest */;
			productType = "com.apple.product-type.bundle.ui-testing";
		};
/* End PBXNativeTarget section */

/* Begin PBXProject section */
		94B192232E5104290045BB69 /* Project object */ = {
			isa = PBXProject;
			attributes = {
				BuildIndependentTargetsInParallel = 1;
				LastSwiftUpdateCheck = 1540;
				LastUpgradeCheck = 1540;
				TargetAttributes = {
					94B1922A2E5104290045BB69 = {
						CreatedOnToolsVersion = 15.4;
					};
					94B1923C2E51042B0045BB69 = {
						CreatedOnToolsVersion = 15.4;
						TestTargetID = 94B1922A2E5104290045BB69;
					};
					94B192462E51042B0045BB69 = {
						CreatedOnToolsVersion = 15.4;
						TestTargetID = 94B1922A2E5104290045BB69;
					};
				};
			};
			buildConfigurationList = 94B192262E5104290045BB69 /* Build configuration list for PBXProject "NotesMagic" */;
			compatibilityVersion = "Xcode 14.0";
			developmentRegion = en;
			hasScannedForEncodings = 0;
			knownRegions = (
				en,
				Base,
			);
			mainGroup = 94B192222E5104290045BB69;
			productRefGroup = 94B1922C2E5104290045BB69 /* Products */;
			projectDirPath = "";
			projectRoot = "";
			targets = (
				94B1922A2E5104290045BB69 /* NotesMagic */,
				94B1923C2E51042B0045BB69 /* NotesMagicTests */,
				94B192462E51042B0045BB69 /* NotesMagicUITests */,
			);
		};
/* End PBXProject section */

/* Begin PBXResourcesBuildPhase section */
		94B192292E5104290045BB69 /* Resources */ = {
			isa = PBXResourcesBuildPhase;
			buildActionMask = 2147483647;
			files = (
				94B192382E51042A0045BB69 /* Preview Assets.xcassets in Resources */,
				94B192352E51042A0045BB69 /* Assets.xcassets in Resources */,
			);
			runOnlyForDeploymentPostprocessing = 0;
		};
		94B1923B2E51042B0045BB69 /* Resources */ = {
			isa = PBXResourcesBuildPhase;
			buildActionMask = 2147483647;
			files = (
			);
			runOnlyForDeploymentPostprocessing = 0;
		};
		94B192452E51042B0045BB69 /* Resources */ = {
			isa = PBXResourcesBuildPhase;
			buildActionMask = 2147483647;
			files = (
			);
			runOnlyForDeploymentPostprocessing = 0;
		};
/* End PBXResourcesBuildPhase section */

/* Begin PBXSourcesBuildPhase section */
		94B192272E5104290045BB69 /* Sources */ = {
			isa = PBXSourcesBuildPhase;
			buildActionMask = 2147483647;
			files = (
				94B1922F2E5104290045BB69 /* NotesMagicApp.swift in Sources */,
			);
			runOnlyForDeploymentPostprocessing = 0;
		};
		94B192392E51042B0045BB69 /* Sources */ = {
			isa = PBXSourcesBuildPhase;
			buildActionMask = 2147483647;
			files = (
				94B192422E51042B0045BB69 /* NotesMagicTests.swift in Sources */,
			);
			runOnlyForDeploymentPostprocessing = 0;
		};
		94B192432E51042B0045BB69 /* Sources */ = {
			isa = PBXSourcesBuildPhase;
			buildActionMask = 2147483647;
			files = (
				94B1924E2E51042B0045BB69 /* NotesMagicUITestsLaunchTests.swift in Sources */,
				94B1924C2E51042B0045BB69 /* NotesMagicUITests.swift in Sources */,
			);
			runOnlyForDeploymentPostprocessing = 0;
		};
/* End PBXSourcesBuildPhase section */

/* Begin PBXTargetDependency section */
		94B1923F2E51042B0045BB69 /* PBXTargetDependency */ = {
			isa = PBXTargetDependency;
			target = 94B1922A2E5104290045BB69 /* NotesMagic */;
			targetProxy = 94B1923E2E51042B0045BB69 /* PBXContainerItemProxy */;
		};
		94B192492E51042B0045BB69 /* PBXTargetDependency */ = {
			isa = PBXTargetDependency;
			target = 94B1922A2E5104290045BB69 /* NotesMagic */;
			targetProxy = 94B192482E51042B0045BB69 /* PBXContainerItemProxy */;
		};
/* End PBXTargetDependency section */

/* Begin XCBuildConfiguration section */
		94B1924F2E51042B0045BB69 /* Debug */ = {
			isa = XCBuildConfiguration;
			buildSettings = {
				ALWAYS_SEARCH_USER_PATHS = NO;
				ASSETCATALOG_COMPILER_GENERATE_SWIFT_ASSET_SYMBOL_EXTENSIONS = YES;
				CLANG_ANALYZER_NONNULL = YES;
				CLANG_ANALYZER_NUMBER_OBJECT_CONVERSION = YES_AGGRESSIVE;
				CLANG_CXX_LANGUAGE_STANDARD = "gnu++20";
				CLANG_ENABLE_MODULES = YES;
				CLANG_ENABLE_OBJC_ARC = YES;
				CLANG_ENABLE_OBJC_WEAK = YES;
				CLANG_WARN_BLOCK_CAPTURE_AUTORELEASING = YES;
				CLANG_WARN_BOOL_CONVERSION = YES;
				CLANG_WARN_COMMA = YES;
				CLANG_WARN_CONSTANT_CONVERSION = YES;
				CLANG_WARN_DEPRECATED_OBJC_IMPLEMENTATIONS = YES;
				CLANG_WARN_DIRECT_OBJC_ISA_USAGE = YES_ERROR;
				CLANG_WARN_DOCUMENTATION_COMMENTS = YES;
				CLANG_WARN_EMPTY_BODY = YES;
				CLANG_WARN_ENUM_CONVERSION = YES;
				CLANG_WARN_INFINITE_RECURSION = YES;
				CLANG_WARN_INT_CONVERSION = YES;
				CLANG_WARN_NON_LITERAL_NULL_CONVERSION = YES;
				CLANG_WARN_OBJC_IMPLICIT_RETAIN_SELF = YES;
				CLANG_WARN_OBJC_LITERAL_CONVERSION = YES;
				CLANG_WARN_OBJC_ROOT_CLASS = YES_ERROR;
				CLANG_WARN_QUOTED_INCLUDE_IN_FRAMEWORK_HEADER = YES;
				CLANG_WARN_RANGE_LOOP_ANALYSIS = YES;
				CLANG_WARN_STRICT_PROTOTYPES = YES;
				CLANG_WARN_SUSPICIOUS_MOVE = YES;
				CLANG_WARN_UNGUARDED_AVAILABILITY = YES_AGGRESSIVE;
				CLANG_WARN_UNREACHABLE_CODE = YES;
				CLANG_WARN__DUPLICATE_METHOD_MATCH = YES;
				COPY_PHASE_STRIP = NO;
				DEBUG_INFORMATION_FORMAT = dwarf;
				ENABLE_STRICT_OBJC_MSGSEND = YES;
				ENABLE_TESTABILITY = YES;
				ENABLE_USER_SCRIPT_SANDBOXING = YES;
				GCC_C_LANGUAGE_STANDARD = gnu17;
				GCC_DYNAMIC_NO_PIC = NO;
				GCC_NO_COMMON_BLOCKS = YES;
				GCC_OPTIMIZATION_LEVEL = 0;
				GCC_PREPROCESSOR_DEFINITIONS = (
					"DEBUG=1",
					"$(inherited)",
				);
				GCC_WARN_64_TO_32_BIT_CONVERSION = YES;
				GCC_WARN_ABOUT_RETURN_TYPE = YES_ERROR;
				GCC_WARN_UNDECLARED_SELECTOR = YES;
				GCC_WARN_UNINITIALIZED_AUTOS = YES_AGGRESSIVE;
				GCC_WARN_UNUSED_FUNCTION = YES;
				GCC_WARN_UNUSED_VARIABLE = YES;
				IPHONEOS_DEPLOYMENT_TARGET = 17.5;
				LOCALIZATION_PREFERS_STRING_CATALOGS = YES;
				MTL_ENABLE_DEBUG_INFO = INCLUDE_SOURCE;
				MTL_FAST_MATH = YES;
				ONLY_ACTIVE_ARCH = YES;
				SDKROOT = iphoneos;
				SWIFT_ACTIVE_COMPILATION_CONDITIONS = "DEBUG $(inherited)";
				SWIFT_OPTIMIZATION_LEVEL = "-Onone";
			};
			name = Debug;
		};
		94B192502E51042B0045BB69 /* Release */ = {
			isa = XCBuildConfiguration;
			buildSettings = {
				ALWAYS_SEARCH_USER_PATHS = NO;
				ASSETCATALOG_COMPILER_GENERATE_SWIFT_ASSET_SYMBOL_EXTENSIONS = YES;
				CLANG_ANALYZER_NONNULL = YES;
				CLANG_ANALYZER_NUMBER_OBJECT_CONVERSION = YES_AGGRESSIVE;
				CLANG_CXX_LANGUAGE_STANDARD = "gnu++20";
				CLANG_ENABLE_MODULES = YES;
				CLANG_ENABLE_OBJC_ARC = YES;
				CLANG_ENABLE_OBJC_WEAK = YES;
				CLANG_WARN_BLOCK_CAPTURE_AUTORELEASING = YES;
				CLANG_WARN_BOOL_CONVERSION = YES;
				CLANG_WARN_COMMA = YES;
				CLANG_WARN_CONSTANT_CONVERSION = YES;
				CLANG_WARN_DEPRECATED_OBJC_IMPLEMENTATIONS = YES;
				CLANG_WARN_DIRECT_OBJC_ISA_USAGE = YES_ERROR;
				CLANG_WARN_DOCUMENTATION_COMMENTS = YES;
				CLANG_WARN_EMPTY_BODY = YES;
				CLANG_WARN_ENUM_CONVERSION = YES;
				CLANG_WARN_INFINITE_RECURSION = YES;
				CLANG_WARN_INT_CONVERSION = YES;
				CLANG_WARN_NON_LITERAL_NULL_CONVERSION = YES;
				CLANG_WARN_OBJC_IMPLICIT_RETAIN_SELF = YES;
				CLANG_WARN_OBJC_LITERAL_CONVERSION = YES;
				CLANG_WARN_OBJC_ROOT_CLASS = YES_ERROR;
				CLANG_WARN_QUOTED_INCLUDE_IN_FRAMEWORK_HEADER = YES;
				CLANG_WARN_RANGE_LOOP_ANALYSIS = YES;
				CLANG_WARN_STRICT_PROTOTYPES = YES;
				CLANG_WARN_SUSPICIOUS_MOVE = YES;
				CLANG_WARN_UNGUARDED_AVAILABILITY = YES_AGGRESSIVE;
				CLANG_WARN_UNREACHABLE_CODE = YES;
				CLANG_WARN__DUPLICATE_METHOD_MATCH = YES;
				COPY_PHASE_STRIP = NO;
				DEBUG_INFORMATION_FORMAT = "dwarf-with-dsym";
				ENABLE_NS_ASSERTIONS = NO;
				ENABLE_STRICT_OBJC_MSGSEND = YES;
				ENABLE_USER_SCRIPT_SANDBOXING = YES;
				GCC_C_LANGUAGE_STANDARD = gnu17;
				GCC_NO_COMMON_BLOCKS = YES;
				GCC_WARN_64_TO_32_BIT_CONVERSION = YES;
				GCC_WARN_ABOUT_RETURN_TYPE = YES_ERROR;
				GCC_WARN_UNDECLARED_SELECTOR = YES;
				GCC_WARN_UNINITIALIZED_AUTOS = YES_AGGRESSIVE;
				GCC_WARN_UNUSED_FUNCTION = YES;
				GCC_WARN_UNUSED_VARIABLE = YES;
				IPHONEOS_DEPLOYMENT_TARGET = 17.5;
				LOCALIZATION_PREFERS_STRING_CATALOGS = YES;
				MTL_ENABLE_DEBUG_INFO = NO;
				MTL_FAST_MATH = YES;
				SDKROOT = iphoneos;
				SWIFT_COMPILATION_MODE = wholemodule;
				VALIDATE_PRODUCT = YES;
			};
			name = Release;
		};
		94B192522E51042B0045BB69 /* Debug */ = {
			isa = XCBuildConfiguration;
			buildSettings = {
				ASSETCATALOG_COMPILER_APPICON_NAME = AppIcon;
				ASSETCATALOG_COMPILER_GLOBAL_ACCENT_COLOR_NAME = AccentColor;
				CODE_SIGN_STYLE = Automatic;
				CURRENT_PROJECT_VERSION = 1;
				DEVELOPMENT_ASSET_PATHS = "\"NotesMagic/Preview Content\"";
				DEVELOPMENT_TEAM = 3RHQMPU898;
				ENABLE_PREVIEWS = YES;
				GENERATE_INFOPLIST_FILE = YES;
				INFOPLIST_KEY_UIApplicationSceneManifest_Generation = YES;
				INFOPLIST_KEY_UIApplicationSupportsIndirectInputEvents = YES;
				INFOPLIST_KEY_UILaunchScreen_Generation = YES;
				INFOPLIST_KEY_UISupportedInterfaceOrientations_iPad = "UIInterfaceOrientationPortrait UIInterfaceOrientationPortraitUpsideDown UIInterfaceOrientationLandscapeLeft UIInterfaceOrientationLandscapeRight";
				INFOPLIST_KEY_UISupportedInterfaceOrientations_iPhone = "UIInterfaceOrientationPortrait UIInterfaceOrientationLandscapeLeft UIInterfaceOrientationLandscapeRight";
				LD_RUNPATH_SEARCH_PATHS = (
					"$(inherited)",
					"@executable_path/Frameworks",
				);
				MARKETING_VERSION = 1.0;
				PRODUCT_BUNDLE_IDENTIFIER = ryanspencer.NotesMagic;
				PRODUCT_NAME = "$(TARGET_NAME)";
				SWIFT_EMIT_LOC_STRINGS = YES;
				SWIFT_VERSION = 5.0;
				TARGETED_DEVICE_FAMILY = "1,2";
			};
			name = Debug;
		};
		94B192532E51042B0045BB69 /* Release */ = {
			isa = XCBuildConfiguration;
			buildSettings = {
				ASSETCATALOG_COMPILER_APPICON_NAME = AppIcon;
				ASSETCATALOG_COMPILER_GLOBAL_ACCENT_COLOR_NAME = AccentColor;
				CODE_SIGN_STYLE = Automatic;
				CURRENT_PROJECT_VERSION = 1;
				DEVELOPMENT_ASSET_PATHS = "\"NotesMagic/Preview Content\"";
				DEVELOPMENT_TEAM = 3RHQMPU898;
				ENABLE_PREVIEWS = YES;
				GENERATE_INFOPLIST_FILE = YES;
				INFOPLIST_KEY_UIApplicationSceneManifest_Generation = YES;
				INFOPLIST_KEY_UIApplicationSupportsIndirectInputEvents = YES;
				INFOPLIST_KEY_UILaunchScreen_Generation = YES;
				INFOPLIST_KEY_UISupportedInterfaceOrientations_iPad = "UIInterfaceOrientationPortrait UIInterfaceOrientationPortraitUpsideDown UIInterfaceOrientationLandscapeLeft UIInterfaceOrientationLandscapeRight";
				INFOPLIST_KEY_UISupportedInterfaceOrientations_iPhone = "UIInterfaceOrientationPortrait UIInterfaceOrientationLandscapeLeft UIInterfaceOrientationLandscapeRight";
				LD_RUNPATH_SEARCH_PATHS = (
					"$(inherited)",
					"@executable_path/Frameworks",
				);
				MARKETING_VERSION = 1.0;
				PRODUCT_BUNDLE_IDENTIFIER = ryanspencer.NotesMagic;
				PRODUCT_NAME = "$(TARGET_NAME)";
				SWIFT_EMIT_LOC_STRINGS = YES;
				SWIFT_VERSION = 5.0;
				TARGETED_DEVICE_FAMILY = "1,2";
			};
			name = Release;
		};
		94B192552E51042B0045BB69 /* Debug */ = {
			isa = XCBuildConfiguration;
			buildSettings = {
				ALWAYS_EMBED_SWIFT_STANDARD_LIBRARIES = YES;
				BUNDLE_LOADER = "$(TEST_HOST)";
				CODE_SIGN_STYLE = Automatic;
				CURRENT_PROJECT_VERSION = 1;
				GENERATE_INFOPLIST_FILE = YES;
				IPHONEOS_DEPLOYMENT_TARGET = 17.5;
				MARKETING_VERSION = 1.0;
				PRODUCT_BUNDLE_IDENTIFIER = ryanspencer.NotesMagicTests;
				PRODUCT_NAME = "$(TARGET_NAME)";
				SWIFT_EMIT_LOC_STRINGS = NO;
				SWIFT_VERSION = 5.0;
				TARGETED_DEVICE_FAMILY = "1,2";
				TEST_HOST = "$(BUILT_PRODUCTS_DIR)/NotesMagic.app/$(BUNDLE_EXECUTABLE_FOLDER_PATH)/NotesMagic";
			};
			name = Debug;
		};
		94B192562E51042B0045BB69 /* Release */ = {
			isa = XCBuildConfiguration;
			buildSettings = {
				ALWAYS_EMBED_SWIFT_STANDARD_LIBRARIES = YES;
				BUNDLE_LOADER = "$(TEST_HOST)";
				CODE_SIGN_STYLE = Automatic;
				CURRENT_PROJECT_VERSION = 1;
				GENERATE_INFOPLIST_FILE = YES;
				IPHONEOS_DEPLOYMENT_TARGET = 17.5;
				MARKETING_VERSION = 1.0;
				PRODUCT_BUNDLE_IDENTIFIER = ryanspencer.NotesMagicTests;
				PRODUCT_NAME = "$(TARGET_NAME)";
				SWIFT_EMIT_LOC_STRINGS = NO;
				SWIFT_VERSION = 5.0;
				TARGETED_DEVICE_FAMILY = "1,2";
				TEST_HOST = "$(BUILT_PRODUCTS_DIR)/NotesMagic.app/$(BUNDLE_EXECUTABLE_FOLDER_PATH)/NotesMagic";
			};
			name = Release;
		};
		94B192582E51042B0045BB69 /* Debug */ = {
			isa = XCBuildConfiguration;
			buildSettings = {
				ALWAYS_EMBED_SWIFT_STANDARD_LIBRARIES = YES;
				CODE_SIGN_STYLE = Automatic;
				CURRENT_PROJECT_VERSION = 1;
				GENERATE_INFOPLIST_FILE = YES;
				MARKETING_VERSION = 1.0;
				PRODUCT_BUNDLE_IDENTIFIER = ryanspencer.NotesMagicUITests;
				PRODUCT_NAME = "$(TARGET_NAME)";
				SWIFT_EMIT_LOC_STRINGS = NO;
				SWIFT_VERSION = 5.0;
				TARGETED_DEVICE_FAMILY = "1,2";
				TEST_TARGET_NAME = NotesMagic;
			};
			name = Debug;
		};
		94B192592E51042B0045BB69 /* Release */ = {
			isa = XCBuildConfiguration;
			buildSettings = {
				ALWAYS_EMBED_SWIFT_STANDARD_LIBRARIES = YES;
				CODE_SIGN_STYLE = Automatic;
				CURRENT_PROJECT_VERSION = 1;
				GENERATE_INFOPLIST_FILE = YES;
				MARKETING_VERSION = 1.0;
				PRODUCT_BUNDLE_IDENTIFIER = ryanspencer.NotesMagicUITests;
				PRODUCT_NAME = "$(TARGET_NAME)";
				SWIFT_EMIT_LOC_STRINGS = NO;
				SWIFT_VERSION = 5.0;
				TARGETED_DEVICE_FAMILY = "1,2";
				TEST_TARGET_NAME = NotesMagic;
			};
			name = Release;
		};
/* End XCBuildConfiguration section */

/* Begin XCConfigurationList section */
		94B192262E5104290045BB69 /* Build configuration list for PBXProject "NotesMagic" */ = {
			isa = XCConfigurationList;
			buildConfigurations = (
				94B1924F2E51042B0045BB69 /* Debug */,
				94B192502E51042B0045BB69 /* Release */,
			);
			defaultConfigurationIsVisible = 0;
			defaultConfigurationName = Release;
		};
		94B192512E51042B0045BB69 /* Build configuration list for PBXNativeTarget "NotesMagic" */ = {
			isa = XCConfigurationList;
			buildConfigurations = (
				94B192522E51042B0045BB69 /* Debug */,
				94B192532E51042B0045BB69 /* Release */,
			);
			defaultConfigurationIsVisible = 0;
			defaultConfigurationName = Release;
		};
		94B192542E51042B0045BB69 /* Build configuration list for PBXNativeTarget "NotesMagicTests" */ = {
			isa = XCConfigurationList;
			buildConfigurations = (
				94B192552E51042B0045BB69 /* Debug */,
				94B192562E51042B0045BB69 /* Release */,
			);
			defaultConfigurationIsVisible = 0;
			defaultConfigurationName = Release;
		};
		94B192572E51042B0045BB69 /* Build configuration list for PBXNativeTarget "NotesMagicUITests" */ = {
			isa = XCConfigurationList;
			buildConfigurations = (
				94B192582E51042B0045BB69 /* Debug */,
				94B192592E51042B0045BB69 /* Release */,
			);
			defaultConfigurationIsVisible = 0;
			defaultConfigurationName = Release;
		};
/* End XCConfigurationList section */
	};
	rootObject = 94B192232E5104290045BB69 /* Project object */;
}
